
Microsoft Visual Studio Solution File, Format Version 12.00
# Visual Studio Version 17
VisualStudioVersion = 17.13.35919.96
MinimumVisualStudioVersion = 10.0.40219.1
Project("{8BC9CEB8-8B4A-11D0-8D11-00A0C91BC942}") = "Dx12RenderLearn", "Dx12RenderLearn.vcxproj", "{6B92511F-C5C0-4536-89F4-86253C061566}"
	ProjectSection(ProjectDependencies) = postProject
		{3693D339-3CA6-439E-AB39-18476CAD9C10} = {3693D339-3CA6-439E-AB39-18476CAD9C10}
	EndProjectSection
EndProject
Project("{8BC9CEB8-8B4A-11D0-8D11-00A0C91BC942}") = "TestFbx", "TestFbx\TestFbx.vcxproj", "{0337CACD-6A38-428E-8BB6-59FF0F8A4058}"
	ProjectSection(ProjectDependencies) = postProject
		{3693D339-3CA6-439E-AB39-18476CAD9C10} = {3693D339-3CA6-439E-AB39-18476CAD9C10}
	EndProjectSection
EndProject
Project("{8BC9CEB8-8B4A-11D0-8D11-00A0C91BC942}") = "FBXLoader", "FBXLoader\FBXLoader.vcxproj", "{3693D339-3CA6-439E-AB39-18476CAD9C10}"
EndProject
Global
	GlobalSection(SolutionConfigurationPlatforms) = preSolution
		Debug|x64 = Debug|x64
		Debug|x86 = Debug|x86
		Release|x64 = Release|x64
		Release|x86 = Release|x86
	EndGlobalSection
	GlobalSection(ProjectConfigurationPlatforms) = postSolution
		{6B92511F-C5C0-4536-89F4-86253C061566}.Debug|x64.ActiveCfg = Debug|x64
		{6B92511F-C5C0-4536-89F4-86253C061566}.Debug|x64.Build.0 = Debug|x64
		{6B92511F-C5C0-4536-89F4-86253C061566}.Debug|x86.ActiveCfg = Debug|Win32
		{6B92511F-C5C0-4536-89F4-86253C061566}.Debug|x86.Build.0 = Debug|Win32
		{6B92511F-C5C0-4536-89F4-86253C061566}.Release|x64.ActiveCfg = Release|x64
		{6B92511F-C5C0-4536-89F4-86253C061566}.Release|x64.Build.0 = Release|x64
		{6B92511F-C5C0-4536-89F4-86253C061566}.Release|x86.ActiveCfg = Release|Win32
		{6B92511F-C5C0-4536-89F4-86253C061566}.Release|x86.Build.0 = Release|Win32
		{0337CACD-6A38-428E-8BB6-59FF0F8A4058}.Debug|x64.ActiveCfg = Debug|x64
		{0337CACD-6A38-428E-8BB6-59FF0F8A4058}.Debug|x64.Build.0 = Debug|x64
		{0337CACD-6A38-428E-8BB6-59FF0F8A4058}.Debug|x86.ActiveCfg = Debug|Win32
		{0337CACD-6A38-428E-8BB6-59FF0F8A4058}.Debug|x86.Build.0 = Debug|Win32
		{0337CACD-6A38-428E-8BB6-59FF0F8A4058}.Release|x64.ActiveCfg = Release|x64
		{0337CACD-6A38-428E-8BB6-59FF0F8A4058}.Release|x64.Build.0 = Release|x64
		{0337CACD-6A38-428E-8BB6-59FF0F8A4058}.Release|x86.ActiveCfg = Release|Win32
		{0337CACD-6A38-428E-8BB6-59FF0F8A4058}.Release|x86.Build.0 = Release|Win32
		{3693D339-3CA6-439E-AB39-18476CAD9C10}.Debug|x64.ActiveCfg = Debug|x64
		{3693D339-3CA6-439E-AB39-18476CAD9C10}.Debug|x64.Build.0 = Debug|x64
		{3693D339-3CA6-439E-AB39-18476CAD9C10}.Debug|x86.ActiveCfg = Debug|Win32
		{3693D339-3CA6-439E-AB39-18476CAD9C10}.Debug|x86.Build.0 = Debug|Win32
		{3693D339-3CA6-439E-AB39-18476CAD9C10}.Release|x64.ActiveCfg = Release|x64
		{3693D339-3CA6-439E-AB39-18476CAD9C10}.Release|x64.Build.0 = Release|x64
		{3693D339-3CA6-439E-AB39-18476CAD9C10}.Release|x86.ActiveCfg = Release|Win32
		{3693D339-3CA6-439E-AB39-18476CAD9C10}.Release|x86.Build.0 = Release|Win32
	EndGlobalSection
	GlobalSection(SolutionProperties) = preSolution
		HideSolutionNode = FALSE
	EndGlobalSection
	GlobalSection(ExtensibilityGlobals) = postSolution
		SolutionGuid = {FA7B166C-CB22-43AD-89EB-BE859D777556}
	EndGlobalSection
EndGlobal
