
Microsoft Visual Studio Solution File, Format Version 11.00
# Visual Studio 2010
Project("{FAE04EC0-301F-11D3-BF4B-00C04F79EFBC}") = "Assembly-CSharp-Editor", "Assembly-CSharp-Editor.csproj", "{9c2a96d5-c270-0d82-19ec-fc8d10d2a8eb}"
EndProject
Project("{FAE04EC0-301F-11D3-BF4B-00C04F79EFBC}") = "Assembly-CSharp", "Assembly-CSharp.csproj", "{f0c8b669-92a0-6a6a-098c-0c119dfdb7a6}"
EndProject
Global
	GlobalSection(SolutionConfigurationPlatforms) = preSolution
		Debug|Any CPU = Debug|Any CPU
	EndGlobalSection
	GlobalSection(ProjectConfigurationPlatforms) = postSolution
		{9c2a96d5-c270-0d82-19ec-fc8d10d2a8eb}.Debug|Any CPU.ActiveCfg = Debug|Any CPU
		{9c2a96d5-c270-0d82-19ec-fc8d10d2a8eb}.Debug|Any CPU.Build.0 = Debug|Any CPU
		{f0c8b669-92a0-6a6a-098c-0c119dfdb7a6}.Debug|Any CPU.ActiveCfg = Debug|Any CPU
		{f0c8b669-92a0-6a6a-098c-0c119dfdb7a6}.Debug|Any CPU.Build.0 = Debug|Any CPU
	EndGlobalSection
	GlobalSection(SolutionProperties) = preSolution
		HideSolutionNode = FALSE
	EndGlobalSection
EndGlobal
